
Microsoft Visual Studio Solution File, Format Version 12.00
# Visual Studio Version 17
VisualStudioVersion = 17.10.35122.118
MinimumVisualStudioVersion = 10.0.40219.1
Project("{9A19103F-16F7-4668-BE54-9A1E7A4F7556}") = "StockAlertFunction", "StockAlertFunction\StockAlertFunction.csproj", "{20A10F19-513E-470F-B0F5-806FF2B70BA4}"
EndProject
Project("{FAE04EC0-301F-11D3-BF4B-00C04F79EFBC}") = "StockAlertFunction.AppHost", "StockAlertFunction.AppHost\StockAlertFunction.AppHost.csproj", "{5B4C8326-A1DF-444D-8C12-8769EB3B902D}"
EndProject
Global
	GlobalSection(SolutionConfigurationPlatforms) = preSolution
		Debug|Any CPU = Debug|Any CPU
		Release|Any CPU = Release|Any CPU
	EndGlobalSection
	GlobalSection(ProjectConfigurationPlatforms) = postSolution
		{20A10F19-513E-470F-B0F5-806FF2B70BA4}.Debug|Any CPU.ActiveCfg = Debug|Any CPU
		{20A10F19-513E-470F-B0F5-806FF2B70BA4}.Debug|Any CPU.Build.0 = Debug|Any CPU
		{20A10F19-513E-470F-B0F5-806FF2B70BA4}.Release|Any CPU.ActiveCfg = Release|Any CPU
		{20A10F19-513E-470F-B0F5-806FF2B70BA4}.Release|Any CPU.Build.0 = Release|Any CPU
		{5B4C8326-A1DF-444D-8C12-8769EB3B902D}.Debug|Any CPU.ActiveCfg = Debug|Any CPU
		{5B4C8326-A1DF-444D-8C12-8769EB3B902D}.Debug|Any CPU.Build.0 = Debug|Any CPU
		{5B4C8326-A1DF-444D-8C12-8769EB3B902D}.Release|Any CPU.ActiveCfg = Release|Any CPU
		{5B4C8326-A1DF-444D-8C12-8769EB3B902D}.Release|Any CPU.Build.0 = Release|Any CPU
	EndGlobalSection
	GlobalSection(SolutionProperties) = preSolution
		HideSolutionNode = FALSE
	EndGlobalSection
	GlobalSection(ExtensibilityGlobals) = postSolution
		SolutionGuid = {013D7503-B7A7-479C-8CC1-E7C378A4882B}
	EndGlobalSection
EndGlobal
